# Code generated by scarb DO NOT EDIT.
version = 1

[[package]]
name = "haiko_lib"
version = "0.1.0"
source = "git+https://github.com/haiko-xyz/library.git#c78279288cea1f2e6635e8aa8901a73741393abb"

[[package]]
name = "haiko_strategy_template"
version = "0.1.0"
dependencies = [
 "haiko_lib",
 "openzeppelin",
]

[[package]]
name = "openzeppelin"
version = "0.9.0"
source = "git+https://github.com/OpenZeppelin/cairo-contracts.git?tag=v0.9.0#364db5b1aecc1335d2e65db887291d19aa28937d"
